// !$*UTF8*$!
{
	archiveVersion = 1;
	classes = {
	};
	objectVersion = 56;
	objects = {

/* Begin PBXBuildFile section */
		F53D5D2D2B2D95DD002B5EEA /* ScheduleStore.swift in Sources */ = {isa = PBXBuildFile; fileRef = F53D5D2C2B2D95DD002B5EEA /* ScheduleStore.swift */; };
		F53D5D2F2B2D9DF6002B5EEA /* ScheduleHeaderView.swift in Sources */ = {isa = PBXBuildFile; fileRef = F53D5D2E2B2D9DF6002B5EEA /* ScheduleHeaderView.swift */; };
		F53D5D332B2D9FE9002B5EEA /* ScheduleDetailFormView.swift in Sources */ = {isa = PBXBuildFile; fileRef = F53D5D322B2D9FE9002B5EEA /* ScheduleDetailFormView.swift */; };
		F53D5D352B2DDE98002B5EEA /* SectionTimeEditView.swift in Sources */ = {isa = PBXBuildFile; fileRef = F53D5D342B2DDE98002B5EEA /* SectionTimeEditView.swift */; };
		F53D5D372B2E8E24002B5EEA /* Curriculum.swift in Sources */ = {isa = PBXBuildFile; fileRef = F53D5D362B2E8E24002B5EEA /* Curriculum.swift */; };
		F53D5D3B2B2E8EDF002B5EEA /* Lecture.swift in Sources */ = {isa = PBXBuildFile; fileRef = F53D5D3A2B2E8EDF002B5EEA /* Lecture.swift */; };
		F53D5D3D2B2EA778002B5EEA /* ErrorWrapper.swift in Sources */ = {isa = PBXBuildFile; fileRef = F53D5D3C2B2EA778002B5EEA /* ErrorWrapper.swift */; };
		F53D5D412B2EE3E9002B5EEA /* Theme.swift in Sources */ = {isa = PBXBuildFile; fileRef = F53D5D402B2EE3E9002B5EEA /* Theme.swift */; };
		F53D5D432B2F193B002B5EEA /* ScheduleGridModel.swift in Sources */ = {isa = PBXBuildFile; fileRef = F53D5D422B2F193B002B5EEA /* ScheduleGridModel.swift */; };
		F53D5D452B313F6C002B5EEA /* AddingCurriculumView.swift in Sources */ = {isa = PBXBuildFile; fileRef = F53D5D442B313F6C002B5EEA /* AddingCurriculumView.swift */; };
		F5579F952B2C37FD00EBE179 /* EasyClassScheduleApp.swift in Sources */ = {isa = PBXBuildFile; fileRef = F5579F942B2C37FD00EBE179 /* EasyClassScheduleApp.swift */; };
		F5579F972B2C37FD00EBE179 /* ContentView.swift in Sources */ = {isa = PBXBuildFile; fileRef = F5579F962B2C37FD00EBE179 /* ContentView.swift */; };
		F5579F992B2C37FE00EBE179 /* Assets.xcassets in Resources */ = {isa = PBXBuildFile; fileRef = F5579F982B2C37FE00EBE179 /* Assets.xcassets */; };
		F5579F9C2B2C37FE00EBE179 /* Preview Assets.xcassets in Resources */ = {isa = PBXBuildFile; fileRef = F5579F9B2B2C37FE00EBE179 /* Preview Assets.xcassets */; };
		F5579FA42B2C384F00EBE179 /* ScheduleGridView.swift in Sources */ = {isa = PBXBuildFile; fileRef = F5579FA32B2C384F00EBE179 /* ScheduleGridView.swift */; };
		F55CB6B02B2C3E7600DC41C1 /* EventRectangle.swift in Sources */ = {isa = PBXBuildFile; fileRef = F55CB6AF2B2C3E7600DC41C1 /* EventRectangle.swift */; };
		F55CB6B22B2C400400DC41C1 /* EventDetailView.swift in Sources */ = {isa = PBXBuildFile; fileRef = F55CB6B12B2C400400DC41C1 /* EventDetailView.swift */; };
		F55CB6B42B2C476200DC41C1 /* DayHeaderView.swift in Sources */ = {isa = PBXBuildFile; fileRef = F55CB6B32B2C476200DC41C1 /* DayHeaderView.swift */; };
		F55CB6B62B2C48CD00DC41C1 /* EventTimeView.swift in Sources */ = {isa = PBXBuildFile; fileRef = F55CB6B52B2C48CD00DC41C1 /* EventTimeView.swift */; };
		F55CB6BB2B2C522100DC41C1 /* DayEventStructure.swift in Sources */ = {isa = PBXBuildFile; fileRef = F55CB6BA2B2C522100DC41C1 /* DayEventStructure.swift */; };
		F55CB6BD2B2C537500DC41C1 /* DayEventView.swift in Sources */ = {isa = PBXBuildFile; fileRef = F55CB6BC2B2C537500DC41C1 /* DayEventView.swift */; };
/* End PBXBuildFile section */

/* Begin PBXFileReference section */
		F53D5D2C2B2D95DD002B5EEA /* ScheduleStore.swift */ = {isa = PBXFileReference; lastKnownFileType = sourcecode.swift; path = ScheduleStore.swift; sourceTree = "<group>"; };
		F53D5D2E2B2D9DF6002B5EEA /* ScheduleHeaderView.swift */ = {isa = PBXFileReference; lastKnownFileType = sourcecode.swift; path = ScheduleHeaderView.swift; sourceTree = "<group>"; };
		F53D5D322B2D9FE9002B5EEA /* ScheduleDetailFormView.swift */ = {isa = PBXFileReference; lastKnownFileType = sourcecode.swift; path = ScheduleDetailFormView.swift; sourceTree = "<group>"; };
		F53D5D342B2DDE98002B5EEA /* SectionTimeEditView.swift */ = {isa = PBXFileReference; lastKnownFileType = sourcecode.swift; path = SectionTimeEditView.swift; sourceTree = "<group>"; };
		F53D5D362B2E8E24002B5EEA /* Curriculum.swift */ = {isa = PBXFileReference; lastKnownFileType = sourcecode.swift; path = Curriculum.swift; sourceTree = "<group>"; };
		F53D5D3A2B2E8EDF002B5EEA /* Lecture.swift */ = {isa = PBXFileReference; lastKnownFileType = sourcecode.swift; path = Lecture.swift; sourceTree = "<group>"; };
		F53D5D3C2B2EA778002B5EEA /* ErrorWrapper.swift */ = {isa = PBXFileReference; lastKnownFileType = sourcecode.swift; path = ErrorWrapper.swift; sourceTree = "<group>"; };
		F53D5D402B2EE3E9002B5EEA /* Theme.swift */ = {isa = PBXFileReference; lastKnownFileType = sourcecode.swift; path = Theme.swift; sourceTree = "<group>"; };
		F53D5D422B2F193B002B5EEA /* ScheduleGridModel.swift */ = {isa = PBXFileReference; lastKnownFileType = sourcecode.swift; path = ScheduleGridModel.swift; sourceTree = "<group>"; };
		F53D5D442B313F6C002B5EEA /* AddingCurriculumView.swift */ = {isa = PBXFileReference; lastKnownFileType = sourcecode.swift; path = AddingCurriculumView.swift; sourceTree = "<group>"; };
		F5579F912B2C37FD00EBE179 /* EasyClassSchedule.app */ = {isa = PBXFileReference; explicitFileType = wrapper.application; includeInIndex = 0; path = EasyClassSchedule.app; sourceTree = BUILT_PRODUCTS_DIR; };
		F5579F942B2C37FD00EBE179 /* EasyClassScheduleApp.swift */ = {isa = PBXFileReference; lastKnownFileType = sourcecode.swift; path = EasyClassScheduleApp.swift; sourceTree = "<group>"; };
		F5579F962B2C37FD00EBE179 /* ContentView.swift */ = {isa = PBXFileReference; lastKnownFileType = sourcecode.swift; path = ContentView.swift; sourceTree = "<group>"; };
		F5579F982B2C37FE00EBE179 /* Assets.xcassets */ = {isa = PBXFileReference; lastKnownFileType = folder.assetcatalog; path = Assets.xcassets; sourceTree = "<group>"; };
		F5579F9B2B2C37FE00EBE179 /* Preview Assets.xcassets */ = {isa = PBXFileReference; lastKnownFileType = folder.assetcatalog; path = "Preview Assets.xcassets"; sourceTree = "<group>"; };
		F5579FA32B2C384F00EBE179 /* ScheduleGridView.swift */ = {isa = PBXFileReference; lastKnownFileType = sourcecode.swift; path = ScheduleGridView.swift; sourceTree = "<group>"; };
		F55CB6AF2B2C3E7600DC41C1 /* EventRectangle.swift */ = {isa = PBXFileReference; lastKnownFileType = sourcecode.swift; path = EventRectangle.swift; sourceTree = "<group>"; };
		F55CB6B12B2C400400DC41C1 /* EventDetailView.swift */ = {isa = PBXFileReference; lastKnownFileType = sourcecode.swift; path = EventDetailView.swift; sourceTree = "<group>"; };
		F55CB6B32B2C476200DC41C1 /* DayHeaderView.swift */ = {isa = PBXFileReference; lastKnownFileType = sourcecode.swift; path = DayHeaderView.swift; sourceTree = "<group>"; };
		F55CB6B52B2C48CD00DC41C1 /* EventTimeView.swift */ = {isa = PBXFileReference; lastKnownFileType = sourcecode.swift; path = EventTimeView.swift; sourceTree = "<group>"; };
		F55CB6BA2B2C522100DC41C1 /* DayEventStructure.swift */ = {isa = PBXFileReference; lastKnownFileType = sourcecode.swift; path = DayEventStructure.swift; sourceTree = "<group>"; };
		F55CB6BC2B2C537500DC41C1 /* DayEventView.swift */ = {isa = PBXFileReference; lastKnownFileType = sourcecode.swift; path = DayEventView.swift; sourceTree = "<group>"; };
/* End PBXFileReference section */

/* Begin PBXFrameworksBuildPhase section */
		F5579F8E2B2C37FD00EBE179 /* Frameworks */ = {
			isa = PBXFrameworksBuildPhase;
			buildActionMask = 2147483647;
			files = (
			);
			runOnlyForDeploymentPostprocessing = 0;
		};
/* End PBXFrameworksBuildPhase section */

/* Begin PBXGroup section */
		F5579F882B2C37FD00EBE179 = {
			isa = PBXGroup;
			children = (
				F5579F932B2C37FD00EBE179 /* EasyClassSchedule */,
				F5579F922B2C37FD00EBE179 /* Products */,
			);
			sourceTree = "<group>";
		};
		F5579F922B2C37FD00EBE179 /* Products */ = {
			isa = PBXGroup;
			children = (
				F5579F912B2C37FD00EBE179 /* EasyClassSchedule.app */,
			);
			name = Products;
			sourceTree = "<group>";
		};
		F5579F932B2C37FD00EBE179 /* EasyClassSchedule */ = {
			isa = PBXGroup;
			children = (
				F55CB6B72B2C4FB500DC41C1 /* Model */,
				F5579FA22B2C383400EBE179 /* View */,
				F5579F942B2C37FD00EBE179 /* EasyClassScheduleApp.swift */,
				F5579F962B2C37FD00EBE179 /* ContentView.swift */,
				F5579F982B2C37FE00EBE179 /* Assets.xcassets */,
				F5579F9A2B2C37FE00EBE179 /* Preview Content */,
			);
			path = EasyClassSchedule;
			sourceTree = "<group>";
		};
		F5579F9A2B2C37FE00EBE179 /* Preview Content */ = {
			isa = PBXGroup;
			children = (
				F5579F9B2B2C37FE00EBE179 /* Preview Assets.xcassets */,
			);
			path = "Preview Content";
			sourceTree = "<group>";
		};
		F5579FA22B2C383400EBE179 /* View */ = {
			isa = PBXGroup;
			children = (
				F5579FA32B2C384F00EBE179 /* ScheduleGridView.swift */,
				F55CB6AF2B2C3E7600DC41C1 /* EventRectangle.swift */,
				F55CB6B12B2C400400DC41C1 /* EventDetailView.swift */,
				F55CB6B32B2C476200DC41C1 /* DayHeaderView.swift */,
				F55CB6B52B2C48CD00DC41C1 /* EventTimeView.swift */,
				F55CB6BC2B2C537500DC41C1 /* DayEventView.swift */,
				F53D5D2E2B2D9DF6002B5EEA /* ScheduleHeaderView.swift */,
				F53D5D322B2D9FE9002B5EEA /* ScheduleDetailFormView.swift */,
				F53D5D342B2DDE98002B5EEA /* SectionTimeEditView.swift */,
				F53D5D442B313F6C002B5EEA /* AddingCurriculumView.swift */,
			);
			path = View;
			sourceTree = "<group>";
		};
		F55CB6B72B2C4FB500DC41C1 /* Model */ = {
			isa = PBXGroup;
			children = (
				F55CB6BA2B2C522100DC41C1 /* DayEventStructure.swift */,
				F53D5D2C2B2D95DD002B5EEA /* ScheduleStore.swift */,
				F53D5D362B2E8E24002B5EEA /* Curriculum.swift */,
				F53D5D3A2B2E8EDF002B5EEA /* Lecture.swift */,
				F53D5D3C2B2EA778002B5EEA /* ErrorWrapper.swift */,
				F53D5D402B2EE3E9002B5EEA /* Theme.swift */,
				F53D5D422B2F193B002B5EEA /* ScheduleGridModel.swift */,
			);
			path = Model;
			sourceTree = "<group>";
		};
/* End PBXGroup section */

/* Begin PBXNativeTarget section */
		F5579F902B2C37FD00EBE179 /* EasyClassSchedule */ = {
			isa = PBXNativeTarget;
			buildConfigurationList = F5579F9F2B2C37FE00EBE179 /* Build configuration list for PBXNativeTarget "EasyClassSchedule" */;
			buildPhases = (
				F5579F8D2B2C37FD00EBE179 /* Sources */,
				F5579F8E2B2C37FD00EBE179 /* Frameworks */,
				F5579F8F2B2C37FD00EBE179 /* Resources */,
			);
			buildRules = (
			);
			dependencies = (
			);
			name = EasyClassSchedule;
			productName = EasyClassSchedule;
			productReference = F5579F912B2C37FD00EBE179 /* EasyClassSchedule.app */;
			productType = "com.apple.product-type.application";
		};
/* End PBXNativeTarget section */

/* Begin PBXProject section */
		F5579F892B2C37FD00EBE179 /* Project object */ = {
			isa = PBXProject;
			attributes = {
				BuildIndependentTargetsInParallel = 1;
				LastSwiftUpdateCheck = 1500;
				LastUpgradeCheck = 1500;
				TargetAttributes = {
					F5579F902B2C37FD00EBE179 = {
						CreatedOnToolsVersion = 15.0.1;
					};
				};
			};
			buildConfigurationList = F5579F8C2B2C37FD00EBE179 /* Build configuration list for PBXProject "EasyClassSchedule" */;
			compatibilityVersion = "Xcode 14.0";
			developmentRegion = en;
			hasScannedForEncodings = 0;
			knownRegions = (
				en,
				Base,
			);
			mainGroup = F5579F882B2C37FD00EBE179;
			productRefGroup = F5579F922B2C37FD00EBE179 /* Products */;
			projectDirPath = "";
			projectRoot = "";
			targets = (
				F5579F902B2C37FD00EBE179 /* EasyClassSchedule */,
			);
		};
/* End PBXProject section */

/* Begin PBXResourcesBuildPhase section */
		F5579F8F2B2C37FD00EBE179 /* Resources */ = {
			isa = PBXResourcesBuildPhase;
			buildActionMask = 2147483647;
			files = (
				F5579F9C2B2C37FE00EBE179 /* Preview Assets.xcassets in Resources */,
				F5579F992B2C37FE00EBE179 /* Assets.xcassets in Resources */,
			);
			runOnlyForDeploymentPostprocessing = 0;
		};
/* End PBXResourcesBuildPhase section */

/* Begin PBXSourcesBuildPhase section */
		F5579F8D2B2C37FD00EBE179 /* Sources */ = {
			isa = PBXSourcesBuildPhase;
			buildActionMask = 2147483647;
			files = (
				F55CB6BB2B2C522100DC41C1 /* DayEventStructure.swift in Sources */,
				F5579F972B2C37FD00EBE179 /* ContentView.swift in Sources */,
				F53D5D332B2D9FE9002B5EEA /* ScheduleDetailFormView.swift in Sources */,
				F53D5D2D2B2D95DD002B5EEA /* ScheduleStore.swift in Sources */,
				F55CB6B22B2C400400DC41C1 /* EventDetailView.swift in Sources */,
				F53D5D2F2B2D9DF6002B5EEA /* ScheduleHeaderView.swift in Sources */,
				F55CB6B62B2C48CD00DC41C1 /* EventTimeView.swift in Sources */,
				F53D5D452B313F6C002B5EEA /* AddingCurriculumView.swift in Sources */,
				F55CB6BD2B2C537500DC41C1 /* DayEventView.swift in Sources */,
				F53D5D3D2B2EA778002B5EEA /* ErrorWrapper.swift in Sources */,
				F55CB6B42B2C476200DC41C1 /* DayHeaderView.swift in Sources */,
				F53D5D372B2E8E24002B5EEA /* Curriculum.swift in Sources */,
				F53D5D352B2DDE98002B5EEA /* SectionTimeEditView.swift in Sources */,
				F5579FA42B2C384F00EBE179 /* ScheduleGridView.swift in Sources */,
				F53D5D3B2B2E8EDF002B5EEA /* Lecture.swift in Sources */,
				F55CB6B02B2C3E7600DC41C1 /* EventRectangle.swift in Sources */,
				F5579F952B2C37FD00EBE179 /* EasyClassScheduleApp.swift in Sources */,
				F53D5D432B2F193B002B5EEA /* ScheduleGridModel.swift in Sources */,
				F53D5D412B2EE3E9002B5EEA /* Theme.swift in Sources */,
			);
			runOnlyForDeploymentPostprocessing = 0;
		};
/* End PBXSourcesBuildPhase section */

/* Begin XCBuildConfiguration section */
		F5579F9D2B2C37FE00EBE179 /* Debug */ = {
			isa = XCBuildConfiguration;
			buildSettings = {
				ALWAYS_SEARCH_USER_PATHS = NO;
				ASSETCATALOG_COMPILER_GENERATE_SWIFT_ASSET_SYMBOL_EXTENSIONS = YES;
				CLANG_ANALYZER_NONNULL = YES;
				CLANG_ANALYZER_NUMBER_OBJECT_CONVERSION = YES_AGGRESSIVE;
				CLANG_CXX_LANGUAGE_STANDARD = "gnu++20";
				CLANG_ENABLE_MODULES = YES;
				CLANG_ENABLE_OBJC_ARC = YES;
				CLANG_ENABLE_OBJC_WEAK = YES;
				CLANG_WARN_BLOCK_CAPTURE_AUTORELEASING = YES;
				CLANG_WARN_BOOL_CONVERSION = YES;
				CLANG_WARN_COMMA = YES;
				CLANG_WARN_CONSTANT_CONVERSION = YES;
				CLANG_WARN_DEPRECATED_OBJC_IMPLEMENTATIONS = YES;
				CLANG_WARN_DIRECT_OBJC_ISA_USAGE = YES_ERROR;
				CLANG_WARN_DOCUMENTATION_COMMENTS = YES;
				CLANG_WARN_EMPTY_BODY = YES;
				CLANG_WARN_ENUM_CONVERSION = YES;
				CLANG_WARN_INFINITE_RECURSION = YES;
				CLANG_WARN_INT_CONVERSION = YES;
				CLANG_WARN_NON_LITERAL_NULL_CONVERSION = YES;
				CLANG_WARN_OBJC_IMPLICIT_RETAIN_SELF = YES;
				CLANG_WARN_OBJC_LITERAL_CONVERSION = YES;
				CLANG_WARN_OBJC_ROOT_CLASS = YES_ERROR;
				CLANG_WARN_QUOTED_INCLUDE_IN_FRAMEWORK_HEADER = YES;
				CLANG_WARN_RANGE_LOOP_ANALYSIS = YES;
				CLANG_WARN_STRICT_PROTOTYPES = YES;
				CLANG_WARN_SUSPICIOUS_MOVE = YES;
				CLANG_WARN_UNGUARDED_AVAILABILITY = YES_AGGRESSIVE;
				CLANG_WARN_UNREACHABLE_CODE = YES;
				CLANG_WARN__DUPLICATE_METHOD_MATCH = YES;
				COPY_PHASE_STRIP = NO;
				DEBUG_INFORMATION_FORMAT = dwarf;
				ENABLE_STRICT_OBJC_MSGSEND = YES;
				ENABLE_TESTABILITY = YES;
				ENABLE_USER_SCRIPT_SANDBOXING = YES;
				GCC_C_LANGUAGE_STANDARD = gnu17;
				GCC_DYNAMIC_NO_PIC = NO;
				GCC_NO_COMMON_BLOCKS = YES;
				GCC_OPTIMIZATION_LEVEL = 0;
				GCC_PREPROCESSOR_DEFINITIONS = (
					"DEBUG=1",
					"$(inherited)",
				);
				GCC_WARN_64_TO_32_BIT_CONVERSION = YES;
				GCC_WARN_ABOUT_RETURN_TYPE = YES_ERROR;
				GCC_WARN_UNDECLARED_SELECTOR = YES;
				GCC_WARN_UNINITIALIZED_AUTOS = YES_AGGRESSIVE;
				GCC_WARN_UNUSED_FUNCTION = YES;
				GCC_WARN_UNUSED_VARIABLE = YES;
				IPHONEOS_DEPLOYMENT_TARGET = 17.0;
				LOCALIZATION_PREFERS_STRING_CATALOGS = YES;
				MTL_ENABLE_DEBUG_INFO = INCLUDE_SOURCE;
				MTL_FAST_MATH = YES;
				ONLY_ACTIVE_ARCH = YES;
				SDKROOT = iphoneos;
				SWIFT_ACTIVE_COMPILATION_CONDITIONS = "DEBUG $(inherited)";
				SWIFT_OPTIMIZATION_LEVEL = "-Onone";
			};
			name = Debug;
		};
		F5579F9E2B2C37FE00EBE179 /* Release */ = {
			isa = XCBuildConfiguration;
			buildSettings = {
				ALWAYS_SEARCH_USER_PATHS = NO;
				ASSETCATALOG_COMPILER_GENERATE_SWIFT_ASSET_SYMBOL_EXTENSIONS = YES;
				CLANG_ANALYZER_NONNULL = YES;
				CLANG_ANALYZER_NUMBER_OBJECT_CONVERSION = YES_AGGRESSIVE;
				CLANG_CXX_LANGUAGE_STANDARD = "gnu++20";
				CLANG_ENABLE_MODULES = YES;
				CLANG_ENABLE_OBJC_ARC = YES;
				CLANG_ENABLE_OBJC_WEAK = YES;
				CLANG_WARN_BLOCK_CAPTURE_AUTORELEASING = YES;
				CLANG_WARN_BOOL_CONVERSION = YES;
				CLANG_WARN_COMMA = YES;
				CLANG_WARN_CONSTANT_CONVERSION = YES;
				CLANG_WARN_DEPRECATED_OBJC_IMPLEMENTATIONS = YES;
				CLANG_WARN_DIRECT_OBJC_ISA_USAGE = YES_ERROR;
				CLANG_WARN_DOCUMENTATION_COMMENTS = YES;
				CLANG_WARN_EMPTY_BODY = YES;
				CLANG_WARN_ENUM_CONVERSION = YES;
				CLANG_WARN_INFINITE_RECURSION = YES;
				CLANG_WARN_INT_CONVERSION = YES;
				CLANG_WARN_NON_LITERAL_NULL_CONVERSION = YES;
				CLANG_WARN_OBJC_IMPLICIT_RETAIN_SELF = YES;
				CLANG_WARN_OBJC_LITERAL_CONVERSION = YES;
				CLANG_WARN_OBJC_ROOT_CLASS = YES_ERROR;
				CLANG_WARN_QUOTED_INCLUDE_IN_FRAMEWORK_HEADER = YES;
				CLANG_WARN_RANGE_LOOP_ANALYSIS = YES;
				CLANG_WARN_STRICT_PROTOTYPES = YES;
				CLANG_WARN_SUSPICIOUS_MOVE = YES;
				CLANG_WARN_UNGUARDED_AVAILABILITY = YES_AGGRESSIVE;
				CLANG_WARN_UNREACHABLE_CODE = YES;
				CLANG_WARN__DUPLICATE_METHOD_MATCH = YES;
				COPY_PHASE_STRIP = NO;
				DEBUG_INFORMATION_FORMAT = "dwarf-with-dsym";
				ENABLE_NS_ASSERTIONS = NO;
				ENABLE_STRICT_OBJC_MSGSEND = YES;
				ENABLE_USER_SCRIPT_SANDBOXING = YES;
				GCC_C_LANGUAGE_STANDARD = gnu17;
				GCC_NO_COMMON_BLOCKS = YES;
				GCC_WARN_64_TO_32_BIT_CONVERSION = YES;
				GCC_WARN_ABOUT_RETURN_TYPE = YES_ERROR;
				GCC_WARN_UNDECLARED_SELECTOR = YES;
				GCC_WARN_UNINITIALIZED_AUTOS = YES_AGGRESSIVE;
				GCC_WARN_UNUSED_FUNCTION = YES;
				GCC_WARN_UNUSED_VARIABLE = YES;
				IPHONEOS_DEPLOYMENT_TARGET = 17.0;
				LOCALIZATION_PREFERS_STRING_CATALOGS = YES;
				MTL_ENABLE_DEBUG_INFO = NO;
				MTL_FAST_MATH = YES;
				SDKROOT = iphoneos;
				SWIFT_COMPILATION_MODE = wholemodule;
				VALIDATE_PRODUCT = YES;
			};
			name = Release;
		};
		F5579FA02B2C37FE00EBE179 /* Debug */ = {
			isa = XCBuildConfiguration;
			buildSettings = {
				ASSETCATALOG_COMPILER_APPICON_NAME = AppIcon;
				ASSETCATALOG_COMPILER_GLOBAL_ACCENT_COLOR_NAME = AccentColor;
				CODE_SIGN_STYLE = Automatic;
				CURRENT_PROJECT_VERSION = 1;
				DEVELOPMENT_ASSET_PATHS = "\"EasyClassSchedule/Preview Content\"";
				DEVELOPMENT_TEAM = 4Q7XSP4ZSU;
				ENABLE_PREVIEWS = YES;
				GENERATE_INFOPLIST_FILE = YES;
				INFOPLIST_KEY_LSApplicationCategoryType = "public.app-category.utilities";
				INFOPLIST_KEY_UIApplicationSceneManifest_Generation = YES;
				INFOPLIST_KEY_UIApplicationSupportsIndirectInputEvents = YES;
				INFOPLIST_KEY_UILaunchScreen_Generation = YES;
				INFOPLIST_KEY_UISupportedInterfaceOrientations_iPad = "UIInterfaceOrientationPortrait UIInterfaceOrientationPortraitUpsideDown UIInterfaceOrientationLandscapeLeft UIInterfaceOrientationLandscapeRight";
				INFOPLIST_KEY_UISupportedInterfaceOrientations_iPhone = "UIInterfaceOrientationPortrait UIInterfaceOrientationLandscapeLeft UIInterfaceOrientationLandscapeRight";
				LD_RUNPATH_SEARCH_PATHS = (
					"$(inherited)",
					"@executable_path/Frameworks",
				);
				MARKETING_VERSION = 1.0;
				PRODUCT_BUNDLE_IDENTIFIER = coosis.EasyClassSchedule;
				PRODUCT_NAME = "$(TARGET_NAME)";
				SWIFT_EMIT_LOC_STRINGS = YES;
				SWIFT_VERSION = 5.0;
				TARGETED_DEVICE_FAMILY = "1,2";
			};
			name = Debug;
		};
		F5579FA12B2C37FE00EBE179 /* Release */ = {
			isa = XCBuildConfiguration;
			buildSettings = {
				ASSETCATALOG_COMPILER_APPICON_NAME = AppIcon;
				ASSETCATALOG_COMPILER_GLOBAL_ACCENT_COLOR_NAME = AccentColor;
				CODE_SIGN_STYLE = Automatic;
				CURRENT_PROJECT_VERSION = 1;
				DEVELOPMENT_ASSET_PATHS = "\"EasyClassSchedule/Preview Content\"";
				DEVELOPMENT_TEAM = 4Q7XSP4ZSU;
				ENABLE_PREVIEWS = YES;
				GENERATE_INFOPLIST_FILE = YES;
				INFOPLIST_KEY_LSApplicationCategoryType = "public.app-category.utilities";
				INFOPLIST_KEY_UIApplicationSceneManifest_Generation = YES;
				INFOPLIST_KEY_UIApplicationSupportsIndirectInputEvents = YES;
				INFOPLIST_KEY_UILaunchScreen_Generation = YES;
				INFOPLIST_KEY_UISupportedInterfaceOrientations_iPad = "UIInterfaceOrientationPortrait UIInterfaceOrientationPortraitUpsideDown UIInterfaceOrientationLandscapeLeft UIInterfaceOrientationLandscapeRight";
				INFOPLIST_KEY_UISupportedInterfaceOrientations_iPhone = "UIInterfaceOrientationPortrait UIInterfaceOrientationLandscapeLeft UIInterfaceOrientationLandscapeRight";
				LD_RUNPATH_SEARCH_PATHS = (
					"$(inherited)",
					"@executable_path/Frameworks",
				);
				MARKETING_VERSION = 1.0;
				PRODUCT_BUNDLE_IDENTIFIER = coosis.EasyClassSchedule;
				PRODUCT_NAME = "$(TARGET_NAME)";
				SWIFT_EMIT_LOC_STRINGS = YES;
				SWIFT_VERSION = 5.0;
				TARGETED_DEVICE_FAMILY = "1,2";
			};
			name = Release;
		};
/* End XCBuildConfiguration section */

/* Begin XCConfigurationList section */
		F5579F8C2B2C37FD00EBE179 /* Build configuration list for PBXProject "EasyClassSchedule" */ = {
			isa = XCConfigurationList;
			buildConfigurations = (
				F5579F9D2B2C37FE00EBE179 /* Debug */,
				F5579F9E2B2C37FE00EBE179 /* Release */,
			);
			defaultConfigurationIsVisible = 0;
			defaultConfigurationName = Release;
		};
		F5579F9F2B2C37FE00EBE179 /* Build configuration list for PBXNativeTarget "EasyClassSchedule" */ = {
			isa = XCConfigurationList;
			buildConfigurations = (
				F5579FA02B2C37FE00EBE179 /* Debug */,
				F5579FA12B2C37FE00EBE179 /* Release */,
			);
			defaultConfigurationIsVisible = 0;
			defaultConfigurationName = Release;
		};
/* End XCConfigurationList section */
	};
	rootObject = F5579F892B2C37FD00EBE179 /* Project object */;
}
